
Microsoft Visual Studio Solution File, Format Version 12.00
# Visual Studio Version 16
VisualStudioVersion = 16.0.30804.86
MinimumVisualStudioVersion = 10.0.40219.1
Project("{8BC9CEB8-8B4A-11D0-8D11-00A0C91BC942}") = "Vc_HelloWorld", "Vc_HelloWorld\Vc_HelloWorld.vcxproj", "{397001B4-0DE9-4230-BE1B-DE7129B64CAA}"
EndProject
Project("{8BC9CEB8-8B4A-11D0-8D11-00A0C91BC942}") = "Qt_HelloWorld", "Qt_HelloWorld\Qt_HelloWorld.vcxproj", "{9A418137-0C0A-4C77-A5F5-F5E408044664}"
EndProject
Project("{8BC9CEB8-8B4A-11D0-8D11-00A0C91BC942}") = "Vc_ModelessDlg", "Vc_ModelessDlg\Vc_ModelessDlg.vcxproj", "{18D3210B-81F8-483B-9602-747FE8560FC5}"
EndProject
Project("{8BC9CEB8-8B4A-11D0-8D11-00A0C91BC942}") = "Vc_ComboBox", "Vc_ComboBox\Vc_ComboBox.vcxproj", "{40478571-1F17-4052-8E60-454EBF13D876}"
EndProject
Project("{8BC9CEB8-8B4A-11D0-8D11-00A0C91BC942}") = "Vc_SimpleWnd", "Vc_SimpleWnd\Vc_SimpleWnd.vcxproj", "{2849FC0F-B251-48E3-9555-E87C2CA0E098}"
EndProject
Project("{8BC9CEB8-8B4A-11D0-8D11-00A0C91BC942}") = "Vc_ProgressBar", "Vc_ProgressBar\Vc_ProgressBar.vcxproj", "{773741C6-B477-4A3C-9B7B-8B13CBB6C162}"
EndProject
Project("{8BC9CEB8-8B4A-11D0-8D11-00A0C91BC942}") = "Vc_Timer", "Vc_Timer\Vc_Timer.vcxproj", "{278676BC-370F-443A-9517-DB1A1A789249}"
EndProject
Project("{8BC9CEB8-8B4A-11D0-8D11-00A0C91BC942}") = "Vc_ListBoxView", "Vc_ListBoxView\Vc_ListBoxView.vcxproj", "{34DA4876-4C21-401B-8BFE-6D2943F48C52}"
EndProject
Project("{8BC9CEB8-8B4A-11D0-8D11-00A0C91BC942}") = "Vc_TreeView", "Vc_TreeView\Vc_TreeView.vcxproj", "{73E3943C-CE80-4619-9B38-229F9BB0E44B}"
EndProject
Project("{8BC9CEB8-8B4A-11D0-8D11-00A0C91BC942}") = "Vc_Desktop", "Vc_Desktop\Vc_Desktop.vcxproj", "{51B5D4D3-7856-4D1D-B6BF-C93ECF951BC0}"
EndProject
Project("{8BC9CEB8-8B4A-11D0-8D11-00A0C91BC942}") = "Vc_Menu", "Vc_Menu\Vc_Menu.vcxproj", "{A2182E0A-090E-4A22-836E-3EF16A15E311}"
EndProject
Project("{8BC9CEB8-8B4A-11D0-8D11-00A0C91BC942}") = "Vc_Button", "Vc_Button\Vc_Button.vcxproj", "{9E2368F2-BC4C-4379-A1D8-ADA241346BBC}"
EndProject
Project("{8BC9CEB8-8B4A-11D0-8D11-00A0C91BC942}") = "Vc_Edit", "Vc_Edit\Vc_Edit.vcxproj", "{ADDEB68A-0D42-40F8-A615-3B072DC7AF3B}"
EndProject
Project("{8BC9CEB8-8B4A-11D0-8D11-00A0C91BC942}") = "Vc_RichEdit", "Vc_RichEdit\Vc_RichEdit.vcxproj", "{DBE97E64-9A3F-4C0D-BF84-75F7C044AC45}"
EndProject
Project("{8BC9CEB8-8B4A-11D0-8D11-00A0C91BC942}") = "Vc_InWnd", "Vc_InWnd\Vc_InWnd.vcxproj", "{681E4018-6CC9-42D1-811D-404A7A8556A0}"
EndProject
Project("{8BC9CEB8-8B4A-11D0-8D11-00A0C91BC942}") = "Mfc_First", "Mfc_first\Mfc_first.vcxproj", "{54DAB7E1-587D-4809-81BC-180246BE3388}"
EndProject
Project("{8BC9CEB8-8B4A-11D0-8D11-00A0C91BC942}") = "Mfc_Msg", "Mfc_Msg\Mfc_Msg.vcxproj", "{E43E96C9-7F67-48AC-9497-E0F8E89E965D}"
EndProject
Project("{8BC9CEB8-8B4A-11D0-8D11-00A0C91BC942}") = "Cs_CrateStruct", "Cs_CrateStruct\Cs_CrateStruct.vcxproj", "{B21E3029-6D51-4F54-A527-DEF3D81E2286}"
EndProject
Project("{8BC9CEB8-8B4A-11D0-8D11-00A0C91BC942}") = "Mfc_Menu", "Mfc_Menu\Mfc_Menu.vcxproj", "{3423014B-D229-4D45-97F6-765D87CD45A7}"
EndProject
Project("{8BC9CEB8-8B4A-11D0-8D11-00A0C91BC942}") = "Mfc_ToolBar", "Mfc_ToolBar\Mfc_ToolBar.vcxproj", "{0935D90B-08A9-43E7-B676-135676C021DD}"
EndProject
Project("{8BC9CEB8-8B4A-11D0-8D11-00A0C91BC942}") = "Mfc_Dlg", "Mfc_Dlg\Mfc_Dlg.vcxproj", "{30EC191E-45F0-4F1F-8647-04B2912E8066}"
EndProject
Project("{8BC9CEB8-8B4A-11D0-8D11-00A0C91BC942}") = "Mfc_Ctrl", "Mfc_Ctrl\Mfc_Ctrl.vcxproj", "{C69FF1CE-3D19-4EFB-A66C-4893B3501727}"
EndProject
Project("{8BC9CEB8-8B4A-11D0-8D11-00A0C91BC942}") = "Qt_Example", "Qt_Example\Qt_Example.vcxproj", "{763D6B5D-C766-4471-9A8C-B660D0D3E650}"
EndProject
Project("{8BC9CEB8-8B4A-11D0-8D11-00A0C91BC942}") = "Qt_C_HelloWorld", "Qt_C_HelloWorld\Qt_C_HelloWorld.vcxproj", "{5CF874F5-A967-41B2-83DB-D16AE7DF34B4}"
EndProject
Project("{8BC9CEB8-8B4A-11D0-8D11-00A0C91BC942}") = "Qt_C_LineEdit", "Qt_C_LineEdit\Qt_C_LineEdit.vcxproj", "{17E4339B-69F7-4651-A5D1-BBF973FD7863}"
EndProject
Project("{8BC9CEB8-8B4A-11D0-8D11-00A0C91BC942}") = "Qt_C_Button", "Qt_C_Button\Qt_C_Button.vcxproj", "{D29AAC75-D80F-4DDA-943F-3252DB99A1FD}"
EndProject
Project("{8BC9CEB8-8B4A-11D0-8D11-00A0C91BC942}") = "Qt_C_Layout", "Qt_C_Layout\Qt_C_Layout.vcxproj", "{72F6B5CE-8EC8-4F4F-89B7-914EA3ADECCE}"
EndProject
Project("{8BC9CEB8-8B4A-11D0-8D11-00A0C91BC942}") = "Qt_C_ProgressBar", "Qt_C_ProgressBar\Qt_C_ProgressBar.vcxproj", "{2C33A480-422B-4412-97F3-A00A9D0DABD4}"
EndProject
Project("{8BC9CEB8-8B4A-11D0-8D11-00A0C91BC942}") = "Qt_C_ComboBox", "Qt_C_ComboBox\Qt_C_ComboBox.vcxproj", "{A7365F38-9F55-42F1-B414-CDBBF273730E}"
EndProject
Project("{8BC9CEB8-8B4A-11D0-8D11-00A0C91BC942}") = "Qt_C_Thread", "Qt_C_Thread\Qt_C_Thread.vcxproj", "{CDE65C3D-3F5A-4046-937A-84835EED4592}"
EndProject
Project("{8BC9CEB8-8B4A-11D0-8D11-00A0C91BC942}") = "Qt_C_TextEdit", "Qt_C_TextEdit\Qt_C_TextEdit.vcxproj", "{2656FA2A-3EF7-4FEF-93BF-856F3C2A07B9}"
EndProject
Project("{8BC9CEB8-8B4A-11D0-8D11-00A0C91BC942}") = "Qt_C_360Ui", "Qt_C_360Ui\Qt_C_360Ui.vcxproj", "{F7DF759A-B247-4093-BC74-7BDE329AFABF}"
EndProject
Project("{8BC9CEB8-8B4A-11D0-8D11-00A0C91BC942}") = "Cs_DestroyClass", "Cs_DestroyClass\Cs_DestroyClass.vcxproj", "{E16D8BE9-6432-4121-B1F4-E80E6E902BD0}"
EndProject
Project("{8BC9CEB8-8B4A-11D0-8D11-00A0C91BC942}") = "Qt_Ui_DockWidget", "Qt_Ui_DockWidget\Qt_Ui_DockWidget.vcxproj", "{82FCDDA3-6F2E-4A2A-A69F-777FEE8B1D78}"
EndProject
Project("{8BC9CEB8-8B4A-11D0-8D11-00A0C91BC942}") = "Qt_C_LoginWnd", "Qt_C_LoginWnd\Qt_C_LoginWnd.vcxproj", "{3304B67B-D209-4279-9E2E-524F13947457}"
EndProject
Project("{8BC9CEB8-8B4A-11D0-8D11-00A0C91BC942}") = "Qt_C_BubbleMsg", "Qt_C_BubbleMsg\Qt_C_BubbleMsg.vcxproj", "{551D5DEE-B021-4A7A-B5D0-58F82AB98672}"
EndProject
Project("{8BC9CEB8-8B4A-11D0-8D11-00A0C91BC942}") = "Qt_C_Split", "Qt_C_Split\Qt_C_Split.vcxproj", "{7F33B25B-A916-4AC9-A871-B87A30261F12}"
EndProject
Global
	GlobalSection(SolutionConfigurationPlatforms) = preSolution
		Debug|Win32 = Debug|Win32
		Debug|x64 = Debug|x64
		Debug|x86 = Debug|x86
		Release|Win32 = Release|Win32
		Release|x64 = Release|x64
		Release|x86 = Release|x86
	EndGlobalSection
	GlobalSection(ProjectConfigurationPlatforms) = postSolution
		{397001B4-0DE9-4230-BE1B-DE7129B64CAA}.Debug|Win32.ActiveCfg = Debug|Win32
		{397001B4-0DE9-4230-BE1B-DE7129B64CAA}.Debug|Win32.Build.0 = Debug|Win32
		{397001B4-0DE9-4230-BE1B-DE7129B64CAA}.Debug|x64.ActiveCfg = Release|x64
		{397001B4-0DE9-4230-BE1B-DE7129B64CAA}.Debug|x64.Build.0 = Release|x64
		{397001B4-0DE9-4230-BE1B-DE7129B64CAA}.Debug|x86.ActiveCfg = Debug|Win32
		{397001B4-0DE9-4230-BE1B-DE7129B64CAA}.Debug|x86.Build.0 = Debug|Win32
		{397001B4-0DE9-4230-BE1B-DE7129B64CAA}.Release|Win32.ActiveCfg = Release|Win32
		{397001B4-0DE9-4230-BE1B-DE7129B64CAA}.Release|Win32.Build.0 = Release|Win32
		{397001B4-0DE9-4230-BE1B-DE7129B64CAA}.Release|x64.ActiveCfg = Release|x64
		{397001B4-0DE9-4230-BE1B-DE7129B64CAA}.Release|x64.Build.0 = Release|x64
		{397001B4-0DE9-4230-BE1B-DE7129B64CAA}.Release|x86.ActiveCfg = Release|Win32
		{397001B4-0DE9-4230-BE1B-DE7129B64CAA}.Release|x86.Build.0 = Release|Win32
		{9A418137-0C0A-4C77-A5F5-F5E408044664}.Debug|Win32.ActiveCfg = Debug|Win32
		{9A418137-0C0A-4C77-A5F5-F5E408044664}.Debug|Win32.Build.0 = Debug|Win32
		{9A418137-0C0A-4C77-A5F5-F5E408044664}.Debug|x64.ActiveCfg = Debug|x64
		{9A418137-0C0A-4C77-A5F5-F5E408044664}.Debug|x64.Build.0 = Debug|x64
		{9A418137-0C0A-4C77-A5F5-F5E408044664}.Debug|x86.ActiveCfg = Debug|Win32
		{9A418137-0C0A-4C77-A5F5-F5E408044664}.Debug|x86.Build.0 = Debug|Win32
		{9A418137-0C0A-4C77-A5F5-F5E408044664}.Release|Win32.ActiveCfg = Debug|Win32
		{9A418137-0C0A-4C77-A5F5-F5E408044664}.Release|Win32.Build.0 = Debug|Win32
		{9A418137-0C0A-4C77-A5F5-F5E408044664}.Release|x64.ActiveCfg = Debug|Win32
		{9A418137-0C0A-4C77-A5F5-F5E408044664}.Release|x64.Build.0 = Debug|Win32
		{9A418137-0C0A-4C77-A5F5-F5E408044664}.Release|x86.ActiveCfg = Debug|Win32
		{9A418137-0C0A-4C77-A5F5-F5E408044664}.Release|x86.Build.0 = Debug|Win32
		{18D3210B-81F8-483B-9602-747FE8560FC5}.Debug|Win32.ActiveCfg = Debug|Win32
		{18D3210B-81F8-483B-9602-747FE8560FC5}.Debug|Win32.Build.0 = Debug|Win32
		{18D3210B-81F8-483B-9602-747FE8560FC5}.Debug|x64.ActiveCfg = Debug|x64
		{18D3210B-81F8-483B-9602-747FE8560FC5}.Debug|x64.Build.0 = Debug|x64
		{18D3210B-81F8-483B-9602-747FE8560FC5}.Debug|x86.ActiveCfg = Debug|Win32
		{18D3210B-81F8-483B-9602-747FE8560FC5}.Debug|x86.Build.0 = Debug|Win32
		{18D3210B-81F8-483B-9602-747FE8560FC5}.Release|Win32.ActiveCfg = Release|Win32
		{18D3210B-81F8-483B-9602-747FE8560FC5}.Release|Win32.Build.0 = Release|Win32
		{18D3210B-81F8-483B-9602-747FE8560FC5}.Release|x64.ActiveCfg = Release|x64
		{18D3210B-81F8-483B-9602-747FE8560FC5}.Release|x64.Build.0 = Release|x64
		{18D3210B-81F8-483B-9602-747FE8560FC5}.Release|x86.ActiveCfg = Release|Win32
		{18D3210B-81F8-483B-9602-747FE8560FC5}.Release|x86.Build.0 = Release|Win32
		{40478571-1F17-4052-8E60-454EBF13D876}.Debug|Win32.ActiveCfg = Debug|Win32
		{40478571-1F17-4052-8E60-454EBF13D876}.Debug|Win32.Build.0 = Debug|Win32
		{40478571-1F17-4052-8E60-454EBF13D876}.Debug|x64.ActiveCfg = Debug|x64
		{40478571-1F17-4052-8E60-454EBF13D876}.Debug|x64.Build.0 = Debug|x64
		{40478571-1F17-4052-8E60-454EBF13D876}.Debug|x86.ActiveCfg = Debug|Win32
		{40478571-1F17-4052-8E60-454EBF13D876}.Debug|x86.Build.0 = Debug|Win32
		{40478571-1F17-4052-8E60-454EBF13D876}.Release|Win32.ActiveCfg = Release|Win32
		{40478571-1F17-4052-8E60-454EBF13D876}.Release|Win32.Build.0 = Release|Win32
		{40478571-1F17-4052-8E60-454EBF13D876}.Release|x64.ActiveCfg = Release|x64
		{40478571-1F17-4052-8E60-454EBF13D876}.Release|x64.Build.0 = Release|x64
		{40478571-1F17-4052-8E60-454EBF13D876}.Release|x86.ActiveCfg = Release|Win32
		{40478571-1F17-4052-8E60-454EBF13D876}.Release|x86.Build.0 = Release|Win32
		{2849FC0F-B251-48E3-9555-E87C2CA0E098}.Debug|Win32.ActiveCfg = Debug|Win32
		{2849FC0F-B251-48E3-9555-E87C2CA0E098}.Debug|Win32.Build.0 = Debug|Win32
		{2849FC0F-B251-48E3-9555-E87C2CA0E098}.Debug|x64.ActiveCfg = Debug|x64
		{2849FC0F-B251-48E3-9555-E87C2CA0E098}.Debug|x64.Build.0 = Debug|x64
		{2849FC0F-B251-48E3-9555-E87C2CA0E098}.Debug|x86.ActiveCfg = Debug|Win32
		{2849FC0F-B251-48E3-9555-E87C2CA0E098}.Debug|x86.Build.0 = Debug|Win32
		{2849FC0F-B251-48E3-9555-E87C2CA0E098}.Release|Win32.ActiveCfg = Release|Win32
		{2849FC0F-B251-48E3-9555-E87C2CA0E098}.Release|Win32.Build.0 = Release|Win32
		{2849FC0F-B251-48E3-9555-E87C2CA0E098}.Release|x64.ActiveCfg = Release|x64
		{2849FC0F-B251-48E3-9555-E87C2CA0E098}.Release|x64.Build.0 = Release|x64
		{2849FC0F-B251-48E3-9555-E87C2CA0E098}.Release|x86.ActiveCfg = Release|Win32
		{2849FC0F-B251-48E3-9555-E87C2CA0E098}.Release|x86.Build.0 = Release|Win32
		{773741C6-B477-4A3C-9B7B-8B13CBB6C162}.Debug|Win32.ActiveCfg = Debug|Win32
		{773741C6-B477-4A3C-9B7B-8B13CBB6C162}.Debug|Win32.Build.0 = Debug|Win32
		{773741C6-B477-4A3C-9B7B-8B13CBB6C162}.Debug|x64.ActiveCfg = Debug|x64
		{773741C6-B477-4A3C-9B7B-8B13CBB6C162}.Debug|x64.Build.0 = Debug|x64
		{773741C6-B477-4A3C-9B7B-8B13CBB6C162}.Debug|x86.ActiveCfg = Debug|Win32
		{773741C6-B477-4A3C-9B7B-8B13CBB6C162}.Debug|x86.Build.0 = Debug|Win32
		{773741C6-B477-4A3C-9B7B-8B13CBB6C162}.Release|Win32.ActiveCfg = Release|Win32
		{773741C6-B477-4A3C-9B7B-8B13CBB6C162}.Release|Win32.Build.0 = Release|Win32
		{773741C6-B477-4A3C-9B7B-8B13CBB6C162}.Release|x64.ActiveCfg = Release|x64
		{773741C6-B477-4A3C-9B7B-8B13CBB6C162}.Release|x64.Build.0 = Release|x64
		{773741C6-B477-4A3C-9B7B-8B13CBB6C162}.Release|x86.ActiveCfg = Release|Win32
		{773741C6-B477-4A3C-9B7B-8B13CBB6C162}.Release|x86.Build.0 = Release|Win32
		{278676BC-370F-443A-9517-DB1A1A789249}.Debug|Win32.ActiveCfg = Debug|Win32
		{278676BC-370F-443A-9517-DB1A1A789249}.Debug|Win32.Build.0 = Debug|Win32
		{278676BC-370F-443A-9517-DB1A1A789249}.Debug|x64.ActiveCfg = Debug|x64
		{278676BC-370F-443A-9517-DB1A1A789249}.Debug|x64.Build.0 = Debug|x64
		{278676BC-370F-443A-9517-DB1A1A789249}.Debug|x86.ActiveCfg = Debug|Win32
		{278676BC-370F-443A-9517-DB1A1A789249}.Debug|x86.Build.0 = Debug|Win32
		{278676BC-370F-443A-9517-DB1A1A789249}.Release|Win32.ActiveCfg = Release|Win32
		{278676BC-370F-443A-9517-DB1A1A789249}.Release|Win32.Build.0 = Release|Win32
		{278676BC-370F-443A-9517-DB1A1A789249}.Release|x64.ActiveCfg = Release|x64
		{278676BC-370F-443A-9517-DB1A1A789249}.Release|x64.Build.0 = Release|x64
		{278676BC-370F-443A-9517-DB1A1A789249}.Release|x86.ActiveCfg = Release|Win32
		{278676BC-370F-443A-9517-DB1A1A789249}.Release|x86.Build.0 = Release|Win32
		{34DA4876-4C21-401B-8BFE-6D2943F48C52}.Debug|Win32.ActiveCfg = Debug|Win32
		{34DA4876-4C21-401B-8BFE-6D2943F48C52}.Debug|Win32.Build.0 = Debug|Win32
		{34DA4876-4C21-401B-8BFE-6D2943F48C52}.Debug|x64.ActiveCfg = Debug|x64
		{34DA4876-4C21-401B-8BFE-6D2943F48C52}.Debug|x64.Build.0 = Debug|x64
		{34DA4876-4C21-401B-8BFE-6D2943F48C52}.Debug|x86.ActiveCfg = Debug|Win32
		{34DA4876-4C21-401B-8BFE-6D2943F48C52}.Debug|x86.Build.0 = Debug|Win32
		{34DA4876-4C21-401B-8BFE-6D2943F48C52}.Release|Win32.ActiveCfg = Release|Win32
		{34DA4876-4C21-401B-8BFE-6D2943F48C52}.Release|Win32.Build.0 = Release|Win32
		{34DA4876-4C21-401B-8BFE-6D2943F48C52}.Release|x64.ActiveCfg = Release|x64
		{34DA4876-4C21-401B-8BFE-6D2943F48C52}.Release|x64.Build.0 = Release|x64
		{34DA4876-4C21-401B-8BFE-6D2943F48C52}.Release|x86.ActiveCfg = Release|Win32
		{34DA4876-4C21-401B-8BFE-6D2943F48C52}.Release|x86.Build.0 = Release|Win32
		{73E3943C-CE80-4619-9B38-229F9BB0E44B}.Debug|Win32.ActiveCfg = Debug|Win32
		{73E3943C-CE80-4619-9B38-229F9BB0E44B}.Debug|Win32.Build.0 = Debug|Win32
		{73E3943C-CE80-4619-9B38-229F9BB0E44B}.Debug|x64.ActiveCfg = Debug|x64
		{73E3943C-CE80-4619-9B38-229F9BB0E44B}.Debug|x64.Build.0 = Debug|x64
		{73E3943C-CE80-4619-9B38-229F9BB0E44B}.Debug|x86.ActiveCfg = Debug|Win32
		{73E3943C-CE80-4619-9B38-229F9BB0E44B}.Debug|x86.Build.0 = Debug|Win32
		{73E3943C-CE80-4619-9B38-229F9BB0E44B}.Release|Win32.ActiveCfg = Release|Win32
		{73E3943C-CE80-4619-9B38-229F9BB0E44B}.Release|Win32.Build.0 = Release|Win32
		{73E3943C-CE80-4619-9B38-229F9BB0E44B}.Release|x64.ActiveCfg = Release|x64
		{73E3943C-CE80-4619-9B38-229F9BB0E44B}.Release|x64.Build.0 = Release|x64
		{73E3943C-CE80-4619-9B38-229F9BB0E44B}.Release|x86.ActiveCfg = Release|Win32
		{73E3943C-CE80-4619-9B38-229F9BB0E44B}.Release|x86.Build.0 = Release|Win32
		{51B5D4D3-7856-4D1D-B6BF-C93ECF951BC0}.Debug|Win32.ActiveCfg = Debug|Win32
		{51B5D4D3-7856-4D1D-B6BF-C93ECF951BC0}.Debug|Win32.Build.0 = Debug|Win32
		{51B5D4D3-7856-4D1D-B6BF-C93ECF951BC0}.Debug|x64.ActiveCfg = Debug|x64
		{51B5D4D3-7856-4D1D-B6BF-C93ECF951BC0}.Debug|x64.Build.0 = Debug|x64
		{51B5D4D3-7856-4D1D-B6BF-C93ECF951BC0}.Debug|x86.ActiveCfg = Debug|Win32
		{51B5D4D3-7856-4D1D-B6BF-C93ECF951BC0}.Debug|x86.Build.0 = Debug|Win32
		{51B5D4D3-7856-4D1D-B6BF-C93ECF951BC0}.Release|Win32.ActiveCfg = Release|Win32
		{51B5D4D3-7856-4D1D-B6BF-C93ECF951BC0}.Release|Win32.Build.0 = Release|Win32
		{51B5D4D3-7856-4D1D-B6BF-C93ECF951BC0}.Release|x64.ActiveCfg = Release|x64
		{51B5D4D3-7856-4D1D-B6BF-C93ECF951BC0}.Release|x64.Build.0 = Release|x64
		{51B5D4D3-7856-4D1D-B6BF-C93ECF951BC0}.Release|x86.ActiveCfg = Release|Win32
		{51B5D4D3-7856-4D1D-B6BF-C93ECF951BC0}.Release|x86.Build.0 = Release|Win32
		{A2182E0A-090E-4A22-836E-3EF16A15E311}.Debug|Win32.ActiveCfg = Debug|Win32
		{A2182E0A-090E-4A22-836E-3EF16A15E311}.Debug|Win32.Build.0 = Debug|Win32
		{A2182E0A-090E-4A22-836E-3EF16A15E311}.Debug|x64.ActiveCfg = Debug|x64
		{A2182E0A-090E-4A22-836E-3EF16A15E311}.Debug|x64.Build.0 = Debug|x64
		{A2182E0A-090E-4A22-836E-3EF16A15E311}.Debug|x86.ActiveCfg = Debug|Win32
		{A2182E0A-090E-4A22-836E-3EF16A15E311}.Debug|x86.Build.0 = Debug|Win32
		{A2182E0A-090E-4A22-836E-3EF16A15E311}.Release|Win32.ActiveCfg = Release|Win32
		{A2182E0A-090E-4A22-836E-3EF16A15E311}.Release|Win32.Build.0 = Release|Win32
		{A2182E0A-090E-4A22-836E-3EF16A15E311}.Release|x64.ActiveCfg = Release|x64
		{A2182E0A-090E-4A22-836E-3EF16A15E311}.Release|x64.Build.0 = Release|x64
		{A2182E0A-090E-4A22-836E-3EF16A15E311}.Release|x86.ActiveCfg = Release|Win32
		{A2182E0A-090E-4A22-836E-3EF16A15E311}.Release|x86.Build.0 = Release|Win32
		{9E2368F2-BC4C-4379-A1D8-ADA241346BBC}.Debug|Win32.ActiveCfg = Debug|Win32
		{9E2368F2-BC4C-4379-A1D8-ADA241346BBC}.Debug|Win32.Build.0 = Debug|Win32
		{9E2368F2-BC4C-4379-A1D8-ADA241346BBC}.Debug|x64.ActiveCfg = Debug|x64
		{9E2368F2-BC4C-4379-A1D8-ADA241346BBC}.Debug|x64.Build.0 = Debug|x64
		{9E2368F2-BC4C-4379-A1D8-ADA241346BBC}.Debug|x86.ActiveCfg = Debug|Win32
		{9E2368F2-BC4C-4379-A1D8-ADA241346BBC}.Debug|x86.Build.0 = Debug|Win32
		{9E2368F2-BC4C-4379-A1D8-ADA241346BBC}.Release|Win32.ActiveCfg = Release|Win32
		{9E2368F2-BC4C-4379-A1D8-ADA241346BBC}.Release|Win32.Build.0 = Release|Win32
		{9E2368F2-BC4C-4379-A1D8-ADA241346BBC}.Release|x64.ActiveCfg = Release|x64
		{9E2368F2-BC4C-4379-A1D8-ADA241346BBC}.Release|x64.Build.0 = Release|x64
		{9E2368F2-BC4C-4379-A1D8-ADA241346BBC}.Release|x86.ActiveCfg = Release|Win32
		{9E2368F2-BC4C-4379-A1D8-ADA241346BBC}.Release|x86.Build.0 = Release|Win32
		{ADDEB68A-0D42-40F8-A615-3B072DC7AF3B}.Debug|Win32.ActiveCfg = Debug|Win32
		{ADDEB68A-0D42-40F8-A615-3B072DC7AF3B}.Debug|Win32.Build.0 = Debug|Win32
		{ADDEB68A-0D42-40F8-A615-3B072DC7AF3B}.Debug|x64.ActiveCfg = Debug|x64
		{ADDEB68A-0D42-40F8-A615-3B072DC7AF3B}.Debug|x64.Build.0 = Debug|x64
		{ADDEB68A-0D42-40F8-A615-3B072DC7AF3B}.Debug|x86.ActiveCfg = Debug|Win32
		{ADDEB68A-0D42-40F8-A615-3B072DC7AF3B}.Debug|x86.Build.0 = Debug|Win32
		{ADDEB68A-0D42-40F8-A615-3B072DC7AF3B}.Release|Win32.ActiveCfg = Release|Win32
		{ADDEB68A-0D42-40F8-A615-3B072DC7AF3B}.Release|Win32.Build.0 = Release|Win32
		{ADDEB68A-0D42-40F8-A615-3B072DC7AF3B}.Release|x64.ActiveCfg = Release|x64
		{ADDEB68A-0D42-40F8-A615-3B072DC7AF3B}.Release|x64.Build.0 = Release|x64
		{ADDEB68A-0D42-40F8-A615-3B072DC7AF3B}.Release|x86.ActiveCfg = Release|Win32
		{ADDEB68A-0D42-40F8-A615-3B072DC7AF3B}.Release|x86.Build.0 = Release|Win32
		{DBE97E64-9A3F-4C0D-BF84-75F7C044AC45}.Debug|Win32.ActiveCfg = Debug|Win32
		{DBE97E64-9A3F-4C0D-BF84-75F7C044AC45}.Debug|Win32.Build.0 = Debug|Win32
		{DBE97E64-9A3F-4C0D-BF84-75F7C044AC45}.Debug|x64.ActiveCfg = Debug|x64
		{DBE97E64-9A3F-4C0D-BF84-75F7C044AC45}.Debug|x64.Build.0 = Debug|x64
		{DBE97E64-9A3F-4C0D-BF84-75F7C044AC45}.Debug|x86.ActiveCfg = Debug|Win32
		{DBE97E64-9A3F-4C0D-BF84-75F7C044AC45}.Debug|x86.Build.0 = Debug|Win32
		{DBE97E64-9A3F-4C0D-BF84-75F7C044AC45}.Release|Win32.ActiveCfg = Release|Win32
		{DBE97E64-9A3F-4C0D-BF84-75F7C044AC45}.Release|Win32.Build.0 = Release|Win32
		{DBE97E64-9A3F-4C0D-BF84-75F7C044AC45}.Release|x64.ActiveCfg = Release|x64
		{DBE97E64-9A3F-4C0D-BF84-75F7C044AC45}.Release|x64.Build.0 = Release|x64
		{DBE97E64-9A3F-4C0D-BF84-75F7C044AC45}.Release|x86.ActiveCfg = Release|Win32
		{DBE97E64-9A3F-4C0D-BF84-75F7C044AC45}.Release|x86.Build.0 = Release|Win32
		{681E4018-6CC9-42D1-811D-404A7A8556A0}.Debug|Win32.ActiveCfg = Debug|Win32
		{681E4018-6CC9-42D1-811D-404A7A8556A0}.Debug|Win32.Build.0 = Debug|Win32
		{681E4018-6CC9-42D1-811D-404A7A8556A0}.Debug|x64.ActiveCfg = Debug|x64
		{681E4018-6CC9-42D1-811D-404A7A8556A0}.Debug|x64.Build.0 = Debug|x64
		{681E4018-6CC9-42D1-811D-404A7A8556A0}.Debug|x86.ActiveCfg = Debug|Win32
		{681E4018-6CC9-42D1-811D-404A7A8556A0}.Debug|x86.Build.0 = Debug|Win32
		{681E4018-6CC9-42D1-811D-404A7A8556A0}.Release|Win32.ActiveCfg = Release|Win32
		{681E4018-6CC9-42D1-811D-404A7A8556A0}.Release|Win32.Build.0 = Release|Win32
		{681E4018-6CC9-42D1-811D-404A7A8556A0}.Release|x64.ActiveCfg = Release|x64
		{681E4018-6CC9-42D1-811D-404A7A8556A0}.Release|x64.Build.0 = Release|x64
		{681E4018-6CC9-42D1-811D-404A7A8556A0}.Release|x86.ActiveCfg = Release|Win32
		{681E4018-6CC9-42D1-811D-404A7A8556A0}.Release|x86.Build.0 = Release|Win32
		{54DAB7E1-587D-4809-81BC-180246BE3388}.Debug|Win32.ActiveCfg = Debug|Win32
		{54DAB7E1-587D-4809-81BC-180246BE3388}.Debug|Win32.Build.0 = Debug|Win32
		{54DAB7E1-587D-4809-81BC-180246BE3388}.Debug|x64.ActiveCfg = Debug|x64
		{54DAB7E1-587D-4809-81BC-180246BE3388}.Debug|x64.Build.0 = Debug|x64
		{54DAB7E1-587D-4809-81BC-180246BE3388}.Debug|x86.ActiveCfg = Debug|Win32
		{54DAB7E1-587D-4809-81BC-180246BE3388}.Debug|x86.Build.0 = Debug|Win32
		{54DAB7E1-587D-4809-81BC-180246BE3388}.Release|Win32.ActiveCfg = Release|Win32
		{54DAB7E1-587D-4809-81BC-180246BE3388}.Release|Win32.Build.0 = Release|Win32
		{54DAB7E1-587D-4809-81BC-180246BE3388}.Release|x64.ActiveCfg = Release|x64
		{54DAB7E1-587D-4809-81BC-180246BE3388}.Release|x64.Build.0 = Release|x64
		{54DAB7E1-587D-4809-81BC-180246BE3388}.Release|x86.ActiveCfg = Release|Win32
		{54DAB7E1-587D-4809-81BC-180246BE3388}.Release|x86.Build.0 = Release|Win32
		{E43E96C9-7F67-48AC-9497-E0F8E89E965D}.Debug|Win32.ActiveCfg = Debug|Win32
		{E43E96C9-7F67-48AC-9497-E0F8E89E965D}.Debug|Win32.Build.0 = Debug|Win32
		{E43E96C9-7F67-48AC-9497-E0F8E89E965D}.Debug|x64.ActiveCfg = Debug|x64
		{E43E96C9-7F67-48AC-9497-E0F8E89E965D}.Debug|x64.Build.0 = Debug|x64
		{E43E96C9-7F67-48AC-9497-E0F8E89E965D}.Debug|x86.ActiveCfg = Debug|Win32
		{E43E96C9-7F67-48AC-9497-E0F8E89E965D}.Debug|x86.Build.0 = Debug|Win32
		{E43E96C9-7F67-48AC-9497-E0F8E89E965D}.Release|Win32.ActiveCfg = Release|Win32
		{E43E96C9-7F67-48AC-9497-E0F8E89E965D}.Release|Win32.Build.0 = Release|Win32
		{E43E96C9-7F67-48AC-9497-E0F8E89E965D}.Release|x64.ActiveCfg = Release|x64
		{E43E96C9-7F67-48AC-9497-E0F8E89E965D}.Release|x64.Build.0 = Release|x64
		{E43E96C9-7F67-48AC-9497-E0F8E89E965D}.Release|x86.ActiveCfg = Release|Win32
		{E43E96C9-7F67-48AC-9497-E0F8E89E965D}.Release|x86.Build.0 = Release|Win32
		{B21E3029-6D51-4F54-A527-DEF3D81E2286}.Debug|Win32.ActiveCfg = Debug|Win32
		{B21E3029-6D51-4F54-A527-DEF3D81E2286}.Debug|Win32.Build.0 = Debug|Win32
		{B21E3029-6D51-4F54-A527-DEF3D81E2286}.Debug|x64.ActiveCfg = Debug|x64
		{B21E3029-6D51-4F54-A527-DEF3D81E2286}.Debug|x64.Build.0 = Debug|x64
		{B21E3029-6D51-4F54-A527-DEF3D81E2286}.Debug|x86.ActiveCfg = Debug|Win32
		{B21E3029-6D51-4F54-A527-DEF3D81E2286}.Debug|x86.Build.0 = Debug|Win32
		{B21E3029-6D51-4F54-A527-DEF3D81E2286}.Release|Win32.ActiveCfg = Release|Win32
		{B21E3029-6D51-4F54-A527-DEF3D81E2286}.Release|Win32.Build.0 = Release|Win32
		{B21E3029-6D51-4F54-A527-DEF3D81E2286}.Release|x64.ActiveCfg = Release|x64
		{B21E3029-6D51-4F54-A527-DEF3D81E2286}.Release|x64.Build.0 = Release|x64
		{B21E3029-6D51-4F54-A527-DEF3D81E2286}.Release|x86.ActiveCfg = Release|Win32
		{B21E3029-6D51-4F54-A527-DEF3D81E2286}.Release|x86.Build.0 = Release|Win32
		{3423014B-D229-4D45-97F6-765D87CD45A7}.Debug|Win32.ActiveCfg = Debug|Win32
		{3423014B-D229-4D45-97F6-765D87CD45A7}.Debug|Win32.Build.0 = Debug|Win32
		{3423014B-D229-4D45-97F6-765D87CD45A7}.Debug|x64.ActiveCfg = Debug|x64
		{3423014B-D229-4D45-97F6-765D87CD45A7}.Debug|x64.Build.0 = Debug|x64
		{3423014B-D229-4D45-97F6-765D87CD45A7}.Debug|x86.ActiveCfg = Debug|Win32
		{3423014B-D229-4D45-97F6-765D87CD45A7}.Debug|x86.Build.0 = Debug|Win32
		{3423014B-D229-4D45-97F6-765D87CD45A7}.Release|Win32.ActiveCfg = Release|Win32
		{3423014B-D229-4D45-97F6-765D87CD45A7}.Release|Win32.Build.0 = Release|Win32
		{3423014B-D229-4D45-97F6-765D87CD45A7}.Release|x64.ActiveCfg = Release|x64
		{3423014B-D229-4D45-97F6-765D87CD45A7}.Release|x64.Build.0 = Release|x64
		{3423014B-D229-4D45-97F6-765D87CD45A7}.Release|x86.ActiveCfg = Release|Win32
		{3423014B-D229-4D45-97F6-765D87CD45A7}.Release|x86.Build.0 = Release|Win32
		{0935D90B-08A9-43E7-B676-135676C021DD}.Debug|Win32.ActiveCfg = Debug|Win32
		{0935D90B-08A9-43E7-B676-135676C021DD}.Debug|Win32.Build.0 = Debug|Win32
		{0935D90B-08A9-43E7-B676-135676C021DD}.Debug|x64.ActiveCfg = Debug|x64
		{0935D90B-08A9-43E7-B676-135676C021DD}.Debug|x64.Build.0 = Debug|x64
		{0935D90B-08A9-43E7-B676-135676C021DD}.Debug|x86.ActiveCfg = Debug|Win32
		{0935D90B-08A9-43E7-B676-135676C021DD}.Debug|x86.Build.0 = Debug|Win32
		{0935D90B-08A9-43E7-B676-135676C021DD}.Release|Win32.ActiveCfg = Release|Win32
		{0935D90B-08A9-43E7-B676-135676C021DD}.Release|Win32.Build.0 = Release|Win32
		{0935D90B-08A9-43E7-B676-135676C021DD}.Release|x64.ActiveCfg = Release|x64
		{0935D90B-08A9-43E7-B676-135676C021DD}.Release|x64.Build.0 = Release|x64
		{0935D90B-08A9-43E7-B676-135676C021DD}.Release|x86.ActiveCfg = Release|Win32
		{0935D90B-08A9-43E7-B676-135676C021DD}.Release|x86.Build.0 = Release|Win32
		{30EC191E-45F0-4F1F-8647-04B2912E8066}.Debug|Win32.ActiveCfg = Debug|Win32
		{30EC191E-45F0-4F1F-8647-04B2912E8066}.Debug|Win32.Build.0 = Debug|Win32
		{30EC191E-45F0-4F1F-8647-04B2912E8066}.Debug|x64.ActiveCfg = Debug|x64
		{30EC191E-45F0-4F1F-8647-04B2912E8066}.Debug|x64.Build.0 = Debug|x64
		{30EC191E-45F0-4F1F-8647-04B2912E8066}.Debug|x86.ActiveCfg = Debug|Win32
		{30EC191E-45F0-4F1F-8647-04B2912E8066}.Debug|x86.Build.0 = Debug|Win32
		{30EC191E-45F0-4F1F-8647-04B2912E8066}.Release|Win32.ActiveCfg = Release|Win32
		{30EC191E-45F0-4F1F-8647-04B2912E8066}.Release|Win32.Build.0 = Release|Win32
		{30EC191E-45F0-4F1F-8647-04B2912E8066}.Release|x64.ActiveCfg = Release|x64
		{30EC191E-45F0-4F1F-8647-04B2912E8066}.Release|x64.Build.0 = Release|x64
		{30EC191E-45F0-4F1F-8647-04B2912E8066}.Release|x86.ActiveCfg = Release|Win32
		{30EC191E-45F0-4F1F-8647-04B2912E8066}.Release|x86.Build.0 = Release|Win32
		{C69FF1CE-3D19-4EFB-A66C-4893B3501727}.Debug|Win32.ActiveCfg = Debug|Win32
		{C69FF1CE-3D19-4EFB-A66C-4893B3501727}.Debug|Win32.Build.0 = Debug|Win32
		{C69FF1CE-3D19-4EFB-A66C-4893B3501727}.Debug|x64.ActiveCfg = Debug|x64
		{C69FF1CE-3D19-4EFB-A66C-4893B3501727}.Debug|x64.Build.0 = Debug|x64
		{C69FF1CE-3D19-4EFB-A66C-4893B3501727}.Debug|x86.ActiveCfg = Debug|Win32
		{C69FF1CE-3D19-4EFB-A66C-4893B3501727}.Debug|x86.Build.0 = Debug|Win32
		{C69FF1CE-3D19-4EFB-A66C-4893B3501727}.Release|Win32.ActiveCfg = Release|Win32
		{C69FF1CE-3D19-4EFB-A66C-4893B3501727}.Release|Win32.Build.0 = Release|Win32
		{C69FF1CE-3D19-4EFB-A66C-4893B3501727}.Release|x64.ActiveCfg = Release|x64
		{C69FF1CE-3D19-4EFB-A66C-4893B3501727}.Release|x64.Build.0 = Release|x64
		{C69FF1CE-3D19-4EFB-A66C-4893B3501727}.Release|x86.ActiveCfg = Release|Win32
		{C69FF1CE-3D19-4EFB-A66C-4893B3501727}.Release|x86.Build.0 = Release|Win32
		{763D6B5D-C766-4471-9A8C-B660D0D3E650}.Debug|Win32.ActiveCfg = Debug|Win32
		{763D6B5D-C766-4471-9A8C-B660D0D3E650}.Debug|Win32.Build.0 = Debug|Win32
		{763D6B5D-C766-4471-9A8C-B660D0D3E650}.Debug|x64.ActiveCfg = Debug|Win32
		{763D6B5D-C766-4471-9A8C-B660D0D3E650}.Debug|x86.ActiveCfg = Debug|Win32
		{763D6B5D-C766-4471-9A8C-B660D0D3E650}.Debug|x86.Build.0 = Debug|Win32
		{763D6B5D-C766-4471-9A8C-B660D0D3E650}.Release|Win32.ActiveCfg = Release|Win32
		{763D6B5D-C766-4471-9A8C-B660D0D3E650}.Release|Win32.Build.0 = Release|Win32
		{763D6B5D-C766-4471-9A8C-B660D0D3E650}.Release|x64.ActiveCfg = Release|Win32
		{763D6B5D-C766-4471-9A8C-B660D0D3E650}.Release|x86.ActiveCfg = Release|Win32
		{763D6B5D-C766-4471-9A8C-B660D0D3E650}.Release|x86.Build.0 = Release|Win32
		{5CF874F5-A967-41B2-83DB-D16AE7DF34B4}.Debug|Win32.ActiveCfg = Debug|Win32
		{5CF874F5-A967-41B2-83DB-D16AE7DF34B4}.Debug|Win32.Build.0 = Debug|Win32
		{5CF874F5-A967-41B2-83DB-D16AE7DF34B4}.Debug|x64.ActiveCfg = Debug|Win32
		{5CF874F5-A967-41B2-83DB-D16AE7DF34B4}.Debug|x86.ActiveCfg = Debug|Win32
		{5CF874F5-A967-41B2-83DB-D16AE7DF34B4}.Debug|x86.Build.0 = Debug|Win32
		{5CF874F5-A967-41B2-83DB-D16AE7DF34B4}.Release|Win32.ActiveCfg = Release|x64
		{5CF874F5-A967-41B2-83DB-D16AE7DF34B4}.Release|x64.ActiveCfg = Release|x64
		{5CF874F5-A967-41B2-83DB-D16AE7DF34B4}.Release|x64.Build.0 = Release|x64
		{5CF874F5-A967-41B2-83DB-D16AE7DF34B4}.Release|x86.ActiveCfg = Release|x64
		{17E4339B-69F7-4651-A5D1-BBF973FD7863}.Debug|Win32.ActiveCfg = Debug|Win32
		{17E4339B-69F7-4651-A5D1-BBF973FD7863}.Debug|Win32.Build.0 = Debug|Win32
		{17E4339B-69F7-4651-A5D1-BBF973FD7863}.Debug|x64.ActiveCfg = Debug|Win32
		{17E4339B-69F7-4651-A5D1-BBF973FD7863}.Debug|x86.ActiveCfg = Debug|Win32
		{17E4339B-69F7-4651-A5D1-BBF973FD7863}.Debug|x86.Build.0 = Debug|Win32
		{17E4339B-69F7-4651-A5D1-BBF973FD7863}.Release|Win32.ActiveCfg = Release|Win32
		{17E4339B-69F7-4651-A5D1-BBF973FD7863}.Release|Win32.Build.0 = Release|Win32
		{17E4339B-69F7-4651-A5D1-BBF973FD7863}.Release|x64.ActiveCfg = Release|Win32
		{17E4339B-69F7-4651-A5D1-BBF973FD7863}.Release|x86.ActiveCfg = Release|Win32
		{17E4339B-69F7-4651-A5D1-BBF973FD7863}.Release|x86.Build.0 = Release|Win32
		{D29AAC75-D80F-4DDA-943F-3252DB99A1FD}.Debug|Win32.ActiveCfg = Debug|Win32
		{D29AAC75-D80F-4DDA-943F-3252DB99A1FD}.Debug|Win32.Build.0 = Debug|Win32
		{D29AAC75-D80F-4DDA-943F-3252DB99A1FD}.Debug|x64.ActiveCfg = Debug|Win32
		{D29AAC75-D80F-4DDA-943F-3252DB99A1FD}.Debug|x86.ActiveCfg = Debug|Win32
		{D29AAC75-D80F-4DDA-943F-3252DB99A1FD}.Debug|x86.Build.0 = Debug|Win32
		{D29AAC75-D80F-4DDA-943F-3252DB99A1FD}.Release|Win32.ActiveCfg = Release|Win32
		{D29AAC75-D80F-4DDA-943F-3252DB99A1FD}.Release|Win32.Build.0 = Release|Win32
		{D29AAC75-D80F-4DDA-943F-3252DB99A1FD}.Release|x64.ActiveCfg = Release|Win32
		{D29AAC75-D80F-4DDA-943F-3252DB99A1FD}.Release|x86.ActiveCfg = Release|Win32
		{D29AAC75-D80F-4DDA-943F-3252DB99A1FD}.Release|x86.Build.0 = Release|Win32
		{72F6B5CE-8EC8-4F4F-89B7-914EA3ADECCE}.Debug|Win32.ActiveCfg = Debug|Win32
		{72F6B5CE-8EC8-4F4F-89B7-914EA3ADECCE}.Debug|Win32.Build.0 = Debug|Win32
		{72F6B5CE-8EC8-4F4F-89B7-914EA3ADECCE}.Debug|x64.ActiveCfg = Debug|Win32
		{72F6B5CE-8EC8-4F4F-89B7-914EA3ADECCE}.Debug|x86.ActiveCfg = Debug|Win32
		{72F6B5CE-8EC8-4F4F-89B7-914EA3ADECCE}.Debug|x86.Build.0 = Debug|Win32
		{72F6B5CE-8EC8-4F4F-89B7-914EA3ADECCE}.Release|Win32.ActiveCfg = Release|Win32
		{72F6B5CE-8EC8-4F4F-89B7-914EA3ADECCE}.Release|Win32.Build.0 = Release|Win32
		{72F6B5CE-8EC8-4F4F-89B7-914EA3ADECCE}.Release|x64.ActiveCfg = Release|Win32
		{72F6B5CE-8EC8-4F4F-89B7-914EA3ADECCE}.Release|x86.ActiveCfg = Release|Win32
		{72F6B5CE-8EC8-4F4F-89B7-914EA3ADECCE}.Release|x86.Build.0 = Release|Win32
		{2C33A480-422B-4412-97F3-A00A9D0DABD4}.Debug|Win32.ActiveCfg = Debug|Win32
		{2C33A480-422B-4412-97F3-A00A9D0DABD4}.Debug|Win32.Build.0 = Debug|Win32
		{2C33A480-422B-4412-97F3-A00A9D0DABD4}.Debug|x64.ActiveCfg = Debug|Win32
		{2C33A480-422B-4412-97F3-A00A9D0DABD4}.Debug|x86.ActiveCfg = Debug|Win32
		{2C33A480-422B-4412-97F3-A00A9D0DABD4}.Debug|x86.Build.0 = Debug|Win32
		{2C33A480-422B-4412-97F3-A00A9D0DABD4}.Release|Win32.ActiveCfg = Release|Win32
		{2C33A480-422B-4412-97F3-A00A9D0DABD4}.Release|Win32.Build.0 = Release|Win32
		{2C33A480-422B-4412-97F3-A00A9D0DABD4}.Release|x64.ActiveCfg = Release|Win32
		{2C33A480-422B-4412-97F3-A00A9D0DABD4}.Release|x86.ActiveCfg = Release|Win32
		{2C33A480-422B-4412-97F3-A00A9D0DABD4}.Release|x86.Build.0 = Release|Win32
		{A7365F38-9F55-42F1-B414-CDBBF273730E}.Debug|Win32.ActiveCfg = Debug|Win32
		{A7365F38-9F55-42F1-B414-CDBBF273730E}.Debug|Win32.Build.0 = Debug|Win32
		{A7365F38-9F55-42F1-B414-CDBBF273730E}.Debug|x64.ActiveCfg = Debug|Win32
		{A7365F38-9F55-42F1-B414-CDBBF273730E}.Debug|x86.ActiveCfg = Debug|Win32
		{A7365F38-9F55-42F1-B414-CDBBF273730E}.Debug|x86.Build.0 = Debug|Win32
		{A7365F38-9F55-42F1-B414-CDBBF273730E}.Release|Win32.ActiveCfg = Release|Win32
		{A7365F38-9F55-42F1-B414-CDBBF273730E}.Release|Win32.Build.0 = Release|Win32
		{A7365F38-9F55-42F1-B414-CDBBF273730E}.Release|x64.ActiveCfg = Release|Win32
		{A7365F38-9F55-42F1-B414-CDBBF273730E}.Release|x86.ActiveCfg = Release|Win32
		{A7365F38-9F55-42F1-B414-CDBBF273730E}.Release|x86.Build.0 = Release|Win32
		{CDE65C3D-3F5A-4046-937A-84835EED4592}.Debug|Win32.ActiveCfg = Debug|Win32
		{CDE65C3D-3F5A-4046-937A-84835EED4592}.Debug|Win32.Build.0 = Debug|Win32
		{CDE65C3D-3F5A-4046-937A-84835EED4592}.Debug|x64.ActiveCfg = Debug|Win32
		{CDE65C3D-3F5A-4046-937A-84835EED4592}.Debug|x86.ActiveCfg = Debug|Win32
		{CDE65C3D-3F5A-4046-937A-84835EED4592}.Debug|x86.Build.0 = Debug|Win32
		{CDE65C3D-3F5A-4046-937A-84835EED4592}.Release|Win32.ActiveCfg = Release|Win32
		{CDE65C3D-3F5A-4046-937A-84835EED4592}.Release|Win32.Build.0 = Release|Win32
		{CDE65C3D-3F5A-4046-937A-84835EED4592}.Release|x64.ActiveCfg = Release|Win32
		{CDE65C3D-3F5A-4046-937A-84835EED4592}.Release|x86.ActiveCfg = Release|Win32
		{CDE65C3D-3F5A-4046-937A-84835EED4592}.Release|x86.Build.0 = Release|Win32
		{2656FA2A-3EF7-4FEF-93BF-856F3C2A07B9}.Debug|Win32.ActiveCfg = Debug|Win32
		{2656FA2A-3EF7-4FEF-93BF-856F3C2A07B9}.Debug|Win32.Build.0 = Debug|Win32
		{2656FA2A-3EF7-4FEF-93BF-856F3C2A07B9}.Debug|x64.ActiveCfg = Debug|Win32
		{2656FA2A-3EF7-4FEF-93BF-856F3C2A07B9}.Debug|x86.ActiveCfg = Debug|Win32
		{2656FA2A-3EF7-4FEF-93BF-856F3C2A07B9}.Debug|x86.Build.0 = Debug|Win32
		{2656FA2A-3EF7-4FEF-93BF-856F3C2A07B9}.Release|Win32.ActiveCfg = Release|Win32
		{2656FA2A-3EF7-4FEF-93BF-856F3C2A07B9}.Release|Win32.Build.0 = Release|Win32
		{2656FA2A-3EF7-4FEF-93BF-856F3C2A07B9}.Release|x64.ActiveCfg = Release|Win32
		{2656FA2A-3EF7-4FEF-93BF-856F3C2A07B9}.Release|x86.ActiveCfg = Release|Win32
		{2656FA2A-3EF7-4FEF-93BF-856F3C2A07B9}.Release|x86.Build.0 = Release|Win32
		{F7DF759A-B247-4093-BC74-7BDE329AFABF}.Debug|Win32.ActiveCfg = Debug|Win32
		{F7DF759A-B247-4093-BC74-7BDE329AFABF}.Debug|Win32.Build.0 = Debug|Win32
		{F7DF759A-B247-4093-BC74-7BDE329AFABF}.Debug|x64.ActiveCfg = Debug|Win32
		{F7DF759A-B247-4093-BC74-7BDE329AFABF}.Debug|x86.ActiveCfg = Debug|Win32
		{F7DF759A-B247-4093-BC74-7BDE329AFABF}.Debug|x86.Build.0 = Debug|Win32
		{F7DF759A-B247-4093-BC74-7BDE329AFABF}.Release|Win32.ActiveCfg = Release|Win32
		{F7DF759A-B247-4093-BC74-7BDE329AFABF}.Release|Win32.Build.0 = Release|Win32
		{F7DF759A-B247-4093-BC74-7BDE329AFABF}.Release|x64.ActiveCfg = Release|Win32
		{F7DF759A-B247-4093-BC74-7BDE329AFABF}.Release|x86.ActiveCfg = Release|Win32
		{F7DF759A-B247-4093-BC74-7BDE329AFABF}.Release|x86.Build.0 = Release|Win32
		{E16D8BE9-6432-4121-B1F4-E80E6E902BD0}.Debug|Win32.ActiveCfg = Debug|Win32
		{E16D8BE9-6432-4121-B1F4-E80E6E902BD0}.Debug|Win32.Build.0 = Debug|Win32
		{E16D8BE9-6432-4121-B1F4-E80E6E902BD0}.Debug|x64.ActiveCfg = Debug|x64
		{E16D8BE9-6432-4121-B1F4-E80E6E902BD0}.Debug|x64.Build.0 = Debug|x64
		{E16D8BE9-6432-4121-B1F4-E80E6E902BD0}.Debug|x86.ActiveCfg = Debug|Win32
		{E16D8BE9-6432-4121-B1F4-E80E6E902BD0}.Debug|x86.Build.0 = Debug|Win32
		{E16D8BE9-6432-4121-B1F4-E80E6E902BD0}.Release|Win32.ActiveCfg = Release|Win32
		{E16D8BE9-6432-4121-B1F4-E80E6E902BD0}.Release|Win32.Build.0 = Release|Win32
		{E16D8BE9-6432-4121-B1F4-E80E6E902BD0}.Release|x64.ActiveCfg = Release|x64
		{E16D8BE9-6432-4121-B1F4-E80E6E902BD0}.Release|x64.Build.0 = Release|x64
		{E16D8BE9-6432-4121-B1F4-E80E6E902BD0}.Release|x86.ActiveCfg = Release|Win32
		{E16D8BE9-6432-4121-B1F4-E80E6E902BD0}.Release|x86.Build.0 = Release|Win32
		{82FCDDA3-6F2E-4A2A-A69F-777FEE8B1D78}.Debug|Win32.ActiveCfg = Debug|Win32
		{82FCDDA3-6F2E-4A2A-A69F-777FEE8B1D78}.Debug|Win32.Build.0 = Debug|Win32
		{82FCDDA3-6F2E-4A2A-A69F-777FEE8B1D78}.Debug|x64.ActiveCfg = Debug|Win32
		{82FCDDA3-6F2E-4A2A-A69F-777FEE8B1D78}.Debug|x86.ActiveCfg = Debug|Win32
		{82FCDDA3-6F2E-4A2A-A69F-777FEE8B1D78}.Debug|x86.Build.0 = Debug|Win32
		{82FCDDA3-6F2E-4A2A-A69F-777FEE8B1D78}.Release|Win32.ActiveCfg = Release|Win32
		{82FCDDA3-6F2E-4A2A-A69F-777FEE8B1D78}.Release|Win32.Build.0 = Release|Win32
		{82FCDDA3-6F2E-4A2A-A69F-777FEE8B1D78}.Release|x64.ActiveCfg = Release|Win32
		{82FCDDA3-6F2E-4A2A-A69F-777FEE8B1D78}.Release|x86.ActiveCfg = Release|Win32
		{82FCDDA3-6F2E-4A2A-A69F-777FEE8B1D78}.Release|x86.Build.0 = Release|Win32
		{3304B67B-D209-4279-9E2E-524F13947457}.Debug|Win32.ActiveCfg = Debug|Win32
		{3304B67B-D209-4279-9E2E-524F13947457}.Debug|Win32.Build.0 = Debug|Win32
		{3304B67B-D209-4279-9E2E-524F13947457}.Debug|x64.ActiveCfg = Debug|Win32
		{3304B67B-D209-4279-9E2E-524F13947457}.Debug|x86.ActiveCfg = Debug|Win32
		{3304B67B-D209-4279-9E2E-524F13947457}.Debug|x86.Build.0 = Debug|Win32
		{3304B67B-D209-4279-9E2E-524F13947457}.Release|Win32.ActiveCfg = Release|Win32
		{3304B67B-D209-4279-9E2E-524F13947457}.Release|Win32.Build.0 = Release|Win32
		{3304B67B-D209-4279-9E2E-524F13947457}.Release|x64.ActiveCfg = Release|Win32
		{3304B67B-D209-4279-9E2E-524F13947457}.Release|x86.ActiveCfg = Release|Win32
		{3304B67B-D209-4279-9E2E-524F13947457}.Release|x86.Build.0 = Release|Win32
		{551D5DEE-B021-4A7A-B5D0-58F82AB98672}.Debug|Win32.ActiveCfg = Debug|Win32
		{551D5DEE-B021-4A7A-B5D0-58F82AB98672}.Debug|Win32.Build.0 = Debug|Win32
		{551D5DEE-B021-4A7A-B5D0-58F82AB98672}.Debug|x64.ActiveCfg = Debug|Win32
		{551D5DEE-B021-4A7A-B5D0-58F82AB98672}.Debug|x86.ActiveCfg = Debug|Win32
		{551D5DEE-B021-4A7A-B5D0-58F82AB98672}.Debug|x86.Build.0 = Debug|Win32
		{551D5DEE-B021-4A7A-B5D0-58F82AB98672}.Release|Win32.ActiveCfg = Release|Win32
		{551D5DEE-B021-4A7A-B5D0-58F82AB98672}.Release|Win32.Build.0 = Release|Win32
		{551D5DEE-B021-4A7A-B5D0-58F82AB98672}.Release|x64.ActiveCfg = Release|Win32
		{551D5DEE-B021-4A7A-B5D0-58F82AB98672}.Release|x86.ActiveCfg = Release|Win32
		{551D5DEE-B021-4A7A-B5D0-58F82AB98672}.Release|x86.Build.0 = Release|Win32
		{7F33B25B-A916-4AC9-A871-B87A30261F12}.Debug|Win32.ActiveCfg = Debug|Win32
		{7F33B25B-A916-4AC9-A871-B87A30261F12}.Debug|Win32.Build.0 = Debug|Win32
		{7F33B25B-A916-4AC9-A871-B87A30261F12}.Debug|x64.ActiveCfg = Debug|Win32
		{7F33B25B-A916-4AC9-A871-B87A30261F12}.Debug|x86.ActiveCfg = Debug|Win32
		{7F33B25B-A916-4AC9-A871-B87A30261F12}.Debug|x86.Build.0 = Debug|Win32
		{7F33B25B-A916-4AC9-A871-B87A30261F12}.Release|Win32.ActiveCfg = Release|Win32
		{7F33B25B-A916-4AC9-A871-B87A30261F12}.Release|Win32.Build.0 = Release|Win32
		{7F33B25B-A916-4AC9-A871-B87A30261F12}.Release|x64.ActiveCfg = Release|Win32
		{7F33B25B-A916-4AC9-A871-B87A30261F12}.Release|x86.ActiveCfg = Release|Win32
		{7F33B25B-A916-4AC9-A871-B87A30261F12}.Release|x86.Build.0 = Release|Win32
	EndGlobalSection
	GlobalSection(SolutionProperties) = preSolution
		HideSolutionNode = FALSE
	EndGlobalSection
	GlobalSection(ExtensibilityGlobals) = postSolution
		SolutionGuid = {07CA8A7A-A3BD-4453-B93D-43E73A354A25}
	EndGlobalSection
EndGlobal
