<?xml version="1.0" encoding="utf-8"?>
<Project ToolsVersion="4.0" xmlns="http://schemas.microsoft.com/developer/msbuild/2003">
  <ItemGroup>
    <Filter Include="Source Files">
      <UniqueIdentifier>{4FC737F1-C7A5-4376-A066-2A32D752A2FF}</UniqueIdentifier>
      <Extensions>cpp;c;cc;cxx;def;odl;idl;hpj;bat;asm;asmx</Extensions>
    </Filter>
    <Filter Include="Header Files">
      <UniqueIdentifier>{93995380-89BD-4b04-88EB-625FBE52EBFB}</UniqueIdentifier>
      <Extensions>h;hh;hpp;hxx;hm;inl;inc;xsd</Extensions>
    </Filter>
  </ItemGroup>
  <ItemGroup>
    <ClCompile Include="QSessionWnd.cpp">
      <Filter>Source Files</Filter>
    </ClCompile>
    <ClCompile Include="main.cpp">
      <Filter>Source Files</Filter>
    </ClCompile>
    <ClCompile Include="QChatMsgWnd.cpp">
      <Filter>Source Files</Filter>
    </ClCompile>
    <ClCompile Include="QToolWnd.cpp">
      <Filter>Source Files</Filter>
    </ClCompile>
    <ClCompile Include="QMainWnd.cpp">
      <Filter>Source Files</Filter>
    </ClCompile>
    <ClCompile Include="QCommListWnd.cpp">
      <Filter>Source Files</Filter>
    </ClCompile>
    <ClCompile Include="QSessionTopWnd.cpp">
      <Filter>Source Files</Filter>
    </ClCompile>
    <ClCompile Include="QCommMsgItemWnd.cpp">
      <Filter>Source Files</Filter>
    </ClCompile>
    <ClCompile Include="QCommContactItemWnd.cpp">
      <Filter>Source Files</Filter>
    </ClCompile>
    <ClCompile Include="QCustomListWidgetItem.cpp">
      <Filter>Source Files</Filter>
    </ClCompile>
    <ClCompile Include="QCommContactInfo.cpp">
      <Filter>Source Files</Filter>
    </ClCompile>
    <ClCompile Include="QSimpleSplit.cpp">
      <Filter>Source Files</Filter>
    </ClCompile>
    <ClCompile Include="QSelectWnd1.cpp">
      <Filter>Source Files</Filter>
    </ClCompile>
    <ClCompile Include="QFindFriendOrGroupWnd.cpp">
      <Filter>Source Files</Filter>
    </ClCompile>
    <ClCompile Include="QFindFriendItemWnd.cpp">
      <Filter>Source Files</Filter>
    </ClCompile>
    <ClCompile Include="QNextWnd.cpp">
      <Filter>Source Files</Filter>
    </ClCompile>
    <ClCompile Include="QApplyFriendWnd1.cpp">
      <Filter>Source Files</Filter>
    </ClCompile>
    <ClCompile Include="QApplyFriendWnd2.cpp">
      <Filter>Source Files</Filter>
    </ClCompile>
    <ClCompile Include="QCreateGroupWnd.cpp">
      <Filter>Source Files</Filter>
    </ClCompile>
    <ClCompile Include="QCreateGroupListwnd1Item.cpp">
      <Filter>Source Files</Filter>
    </ClCompile>
    <ClCompile Include="QCreateGroupListwnd2Item.cpp">
      <Filter>Source Files</Filter>
    </ClCompile>
  </ItemGroup>
  <ItemGroup>
    <QtMoc Include="QSessionWnd.h">
      <Filter>Header Files</Filter>
    </QtMoc>
    <QtMoc Include="QChatMsgWnd.h">
      <Filter>Header Files</Filter>
    </QtMoc>
    <QtMoc Include="QToolWnd.h">
      <Filter>Header Files</Filter>
    </QtMoc>
    <QtMoc Include="QMainWnd.h">
      <Filter>Header Files</Filter>
    </QtMoc>
    <QtMoc Include="QCommListWnd.h">
      <Filter>Header Files</Filter>
    </QtMoc>
    <QtMoc Include="QSessionTopWnd.h">
      <Filter>Header Files</Filter>
    </QtMoc>
    <QtMoc Include="QCommContactInfo.h">
      <Filter>Header Files</Filter>
    </QtMoc>
    <QtMoc Include="QSimpleSplit.h">
      <Filter>Header Files</Filter>
    </QtMoc>
    <QtMoc Include="QSelectWnd1.h">
      <Filter>Header Files</Filter>
    </QtMoc>
    <QtMoc Include="QFindFriendOrGroupWnd.h">
      <Filter>Header Files</Filter>
    </QtMoc>
    <QtMoc Include="QFindFriendItemWnd.h">
      <Filter>Header Files</Filter>
    </QtMoc>
    <QtMoc Include="QNextWnd.h">
      <Filter>Header Files</Filter>
    </QtMoc>
    <QtMoc Include="QApplyFriendWnd1.h">
      <Filter>Header Files</Filter>
    </QtMoc>
    <QtMoc Include="QApplyFriendWnd2.h">
      <Filter>Header Files</Filter>
    </QtMoc>
    <QtMoc Include="QCreateGroupWnd.h">
      <Filter>Header Files</Filter>
    </QtMoc>
    <QtMoc Include="QCreateGroupListwnd1Item.h">
      <Filter>Header Files</Filter>
    </QtMoc>
    <QtMoc Include="QCreateGroupListwnd2Item.h">
      <Filter>Header Files</Filter>
    </QtMoc>
  </ItemGroup>
  <ItemGroup>
    <ClInclude Include="QCommMsgItemWnd.h">
      <Filter>Header Files</Filter>
    </ClInclude>
    <ClInclude Include="QCommContactItemWnd.h">
      <Filter>Header Files</Filter>
    </ClInclude>
    <ClInclude Include="QCustomListWidgetItem.h">
      <Filter>Header Files</Filter>
    </ClInclude>
  </ItemGroup>
</Project>